{
    "version": 3,
    "terraform_version": "0.11.2",
    "serial": 3,
    "lineage": "8c579cd6-f83f-4eb5-9b87-d3304b0b9950",
    "modules": [
        {
            "path": [
                "root"
            ],
            "outputs": {},
            "resources": {
                "aws_instance.webservers": {
                    "type": "aws_instance",
                    "depends_on": [
                        "aws_key_pair.developer",
                        "aws_security_group.allow_http",
                        "aws_subnet.web_subnets.*"
                    ],
                    "primary": {
                        "id": "i-02434827d02674772",
                        "attributes": {
                            "ami": "ami-e251209a",
                            "associate_public_ip_address": "true",
                            "availability_zone": "us-west-2a",
                            "disable_api_termination": "false",
                            "ebs_block_device.#": "0",
                            "ebs_optimized": "false",
                            "ephemeral_block_device.#": "0",
                            "iam_instance_profile": "",
                            "id": "i-02434827d02674772",
                            "instance_state": "running",
                            "instance_type": "t2.micro",
                            "ipv6_addresses.#": "0",
                            "key_name": "ram",
                            "monitoring": "false",
                            "network_interface.#": "0",
                            "network_interface_id": "eni-526ca158",
                            "placement_group": "",
                            "primary_network_interface_id": "eni-526ca158",
                            "private_dns": "ip-10-20-0-241.us-west-2.compute.internal",
                            "private_ip": "10.20.0.241",
                            "public_dns": "",
                            "public_ip": "52.25.91.28",
                            "root_block_device.#": "1",
                            "root_block_device.0.delete_on_termination": "true",
                            "root_block_device.0.iops": "100",
                            "root_block_device.0.volume_id": "vol-0e477c8621e9c3cf1",
                            "root_block_device.0.volume_size": "8",
                            "root_block_device.0.volume_type": "gp2",
                            "security_groups.#": "0",
                            "source_dest_check": "true",
                            "subnet_id": "subnet-94087bdf",
                            "tags.%": "1",
                            "tags.Name": "Webserver-1",
                            "tenancy": "default",
                            "volume_tags.%": "0",
                            "vpc_security_group_ids.#": "1",
                            "vpc_security_group_ids.568708246": "sg-18f33d6b"
                        },
                        "meta": {
                            "e2bfb730-ecaa-11e6-8f88-34363bc7c4c0": {
                                "create": 600000000000,
                                "delete": 600000000000,
                                "update": 600000000000
                            },
                            "schema_version": "1"
                        },
                        "tainted": false
                    },
                    "deposed": [],
                    "provider": "provider.aws"
                },
                "aws_internet_gateway.igw": {
                    "type": "aws_internet_gateway",
                    "depends_on": [
                        "aws_vpc.myapp_vpc"
                    ],
                    "primary": {
                        "id": "igw-96cee0f0",
                        "attributes": {
                            "id": "igw-96cee0f0",
                            "tags.%": "1",
                            "tags.Name": "myapp-igw",
                            "vpc_id": "vpc-10894d68"
                        },
                        "meta": {},
                        "tainted": false
                    },
                    "deposed": [],
                    "provider": "provider.aws"
                },
                "aws_key_pair.developer": {
                    "type": "aws_key_pair",
                    "depends_on": [],
                    "primary": {
                        "id": "ram",
                        "attributes": {
                            "fingerprint": "61:8e:3f:a0:e1:92:2d:aa:4b:48:45:01:d5:77:2d:fe",
                            "id": "ram",
                            "key_name": "ram",
                            "public_key": "ssh-rsa AAAAB3NzaC1yc2EAAAADAQABAAABAQC6EapjOIXB3cryfX2v531TRvot6QAr/0O33XIQIpeGaS8rEn9o9MyKU6me5Lri+DfKiE99r8KPUjJlcnYktHl+CWXmuXVJnZiXUc3v01EeKGB\r\n2HFcuhbDSo4varpl+dt162pgAaXRCbmwrso1JWY6tDByk/KhfBToYaT52pYOax6Xm2FDrmWv/ezf0XgZ+V7bRlQZCJEPTkd4yP5mpJAVa4PYuTBtRH1ZZPnUvG7WI7TrB1rnE6hJ/3Boe2s8YD3\r\nAxzcoGZXwP9lvglNDNOGwHCqgL2lBPPBX27t2xrgObNmXq22KP2Jw11x2T95fiR5XZDadSAFrwQOXthhh+pFvt ec2-user@ip-172-31-28-94"
                        },
                        "meta": {
                            "schema_version": "1"
                        },
                        "tainted": false
                    },
                    "deposed": [],
                    "provider": "provider.aws"
                },
                "aws_route_table.web_rt": {
                    "type": "aws_route_table",
                    "depends_on": [
                        "aws_internet_gateway.igw",
                        "aws_vpc.myapp_vpc"
                    ],
                    "primary": {
                        "id": "rtb-99be18e2",
                        "attributes": {
                            "id": "rtb-99be18e2",
                            "propagating_vgws.#": "0",
                            "route.#": "1",
                            "route.3780782790.cidr_block": "0.0.0.0/0",
                            "route.3780782790.egress_only_gateway_id": "",
                            "route.3780782790.gateway_id": "igw-96cee0f0",
                            "route.3780782790.instance_id": "",
                            "route.3780782790.ipv6_cidr_block": "",
                            "route.3780782790.nat_gateway_id": "",
                            "route.3780782790.network_interface_id": "",
                            "route.3780782790.vpc_peering_connection_id": "",
                            "tags.%": "1",
                            "tags.Name": "myapp_web_rt",
                            "vpc_id": "vpc-10894d68"
                        },
                        "meta": {},
                        "tainted": false
                    },
                    "deposed": [],
                    "provider": "provider.aws"
                },
                "aws_route_table_association.web_rt_association.0": {
                    "type": "aws_route_table_association",
                    "depends_on": [
                        "aws_route_table.web_rt",
                        "aws_subnet.web_subnets.*"
                    ],
                    "primary": {
                        "id": "rtbassoc-6656d21b",
                        "attributes": {
                            "id": "rtbassoc-6656d21b",
                            "route_table_id": "rtb-99be18e2",
                            "subnet_id": "subnet-94087bdf"
                        },
                        "meta": {},
                        "tainted": false
                    },
                    "deposed": [],
                    "provider": "provider.aws"
                },
                "aws_route_table_association.web_rt_association.1": {
                    "type": "aws_route_table_association",
                    "depends_on": [
                        "aws_route_table.web_rt",
                        "aws_subnet.web_subnets.*"
                    ],
                    "primary": {
                        "id": "rtbassoc-8c5cd8f1",
                        "attributes": {
                            "id": "rtbassoc-8c5cd8f1",
                            "route_table_id": "rtb-99be18e2",
                            "subnet_id": "subnet-06a1f77f"
                        },
                        "meta": {},
                        "tainted": false
                    },
                    "deposed": [],
                    "provider": "provider.aws"
                },
                "aws_security_group.allow_http": {
                    "type": "aws_security_group",
                    "depends_on": [
                        "aws_vpc.myapp_vpc"
                    ],
                    "primary": {
                        "id": "sg-18f33d6b",
                        "attributes": {
                            "description": "Allow all inbound http traffic",
                            "egress.#": "1",
                            "egress.482069346.cidr_blocks.#": "1",
                            "egress.482069346.cidr_blocks.0": "0.0.0.0/0",
                            "egress.482069346.description": "",
                            "egress.482069346.from_port": "0",
                            "egress.482069346.ipv6_cidr_blocks.#": "0",
                            "egress.482069346.prefix_list_ids.#": "0",
                            "egress.482069346.protocol": "-1",
                            "egress.482069346.security_groups.#": "0",
                            "egress.482069346.self": "false",
                            "egress.482069346.to_port": "0",
                            "id": "sg-18f33d6b",
                            "ingress.#": "1",
                            "ingress.2214680975.cidr_blocks.#": "1",
                            "ingress.2214680975.cidr_blocks.0": "0.0.0.0/0",
                            "ingress.2214680975.description": "",
                            "ingress.2214680975.from_port": "80",
                            "ingress.2214680975.ipv6_cidr_blocks.#": "0",
                            "ingress.2214680975.protocol": "tcp",
                            "ingress.2214680975.security_groups.#": "0",
                            "ingress.2214680975.self": "false",
                            "ingress.2214680975.to_port": "80",
                            "name": "allow_http",
                            "owner_id": "135549976955",
                            "revoke_rules_on_delete": "false",
                            "tags.%": "0",
                            "vpc_id": "vpc-10894d68"
                        },
                        "meta": {
                            "schema_version": "1"
                        },
                        "tainted": false
                    },
                    "deposed": [],
                    "provider": "provider.aws"
                },
                "aws_subnet.web_subnets.0": {
                    "type": "aws_subnet",
                    "depends_on": [
                        "aws_vpc.myapp_vpc",
                        "data.aws_availability_zones.azs"
                    ],
                    "primary": {
                        "id": "subnet-94087bdf",
                        "attributes": {
                            "assign_ipv6_address_on_creation": "false",
                            "availability_zone": "us-west-2a",
                            "cidr_block": "10.20.0.0/24",
                            "id": "subnet-94087bdf",
                            "map_public_ip_on_launch": "true",
                            "tags.%": "1",
                            "tags.Name": "PublicSubnet-1",
                            "vpc_id": "vpc-10894d68"
                        },
                        "meta": {
                            "schema_version": "1"
                        },
                        "tainted": false
                    },
                    "deposed": [],
                    "provider": "provider.aws"
                },
                "aws_subnet.web_subnets.1": {
                    "type": "aws_subnet",
                    "depends_on": [
                        "aws_vpc.myapp_vpc",
                        "data.aws_availability_zones.azs"
                    ],
                    "primary": {
                        "id": "subnet-06a1f77f",
                        "attributes": {
                            "assign_ipv6_address_on_creation": "false",
                            "availability_zone": "us-west-2b",
                            "cidr_block": "10.20.1.0/24",
                            "id": "subnet-06a1f77f",
                            "map_public_ip_on_launch": "true",
                            "tags.%": "1",
                            "tags.Name": "PublicSubnet-2",
                            "vpc_id": "vpc-10894d68"
                        },
                        "meta": {
                            "schema_version": "1"
                        },
                        "tainted": false
                    },
                    "deposed": [],
                    "provider": "provider.aws"
                },
                "aws_vpc.myapp_vpc": {
                    "type": "aws_vpc",
                    "depends_on": [],
                    "primary": {
                        "id": "vpc-10894d68",
                        "attributes": {
                            "assign_generated_ipv6_cidr_block": "false",
                            "cidr_block": "10.20.0.0/16",
                            "default_network_acl_id": "acl-c46d31bc",
                            "default_route_table_id": "rtb-c2bd1bb9",
                            "default_security_group_id": "sg-daf53ba9",
                            "dhcp_options_id": "dopt-ec22fe95",
                            "enable_classiclink": "false",
                            "enable_classiclink_dns_support": "false",
                            "enable_dns_hostnames": "false",
                            "enable_dns_support": "true",
                            "id": "vpc-10894d68",
                            "instance_tenancy": "default",
                            "main_route_table_id": "rtb-c2bd1bb9",
                            "tags.%": "2",
                            "tags.Batch": "Weekends",
                            "tags.Name": "myapp_vpc"
                        },
                        "meta": {
                            "schema_version": "1"
                        },
                        "tainted": false
                    },
                    "deposed": [],
                    "provider": "provider.aws"
                },
                "data.aws_availability_zones.azs": {
                    "type": "aws_availability_zones",
                    "depends_on": [],
                    "primary": {
                        "id": "2018-08-14 04:14:45.6932846 +0000 UTC",
                        "attributes": {
                            "id": "2018-08-14 04:14:45.6932846 +0000 UTC",
                            "names.#": "3",
                            "names.0": "us-west-2a",
                            "names.1": "us-west-2b",
                            "names.2": "us-west-2c"
                        },
                        "meta": {},
                        "tainted": false
                    },
                    "deposed": [],
                    "provider": "provider.aws"
                }
            },
            "depends_on": []
        }
    ]
}
