{
    "version": 3,
    "terraform_version": "0.11.2",
    "serial": 20,
    "lineage": "b2fcdef1-4438-4ab8-b00d-48f5b8610e69",
    "modules": [
        {
            "path": [
                "root"
            ],
            "outputs": {},
            "resources": {
                "aws_instance.webservers": {
                    "type": "aws_instance",
                    "depends_on": [
                        "aws_key_pair.developer",
                        "aws_security_group.allow_http",
                        "aws_subnet.web_subnets.*"
                    ],
                    "primary": {
                        "id": "i-0777f25115c59dc4e",
                        "attributes": {
                            "ami": "ami-5a8da735",
                            "associate_public_ip_address": "true",
                            "availability_zone": "ap-south-1a",
                            "disable_api_termination": "false",
                            "ebs_block_device.#": "0",
                            "ebs_optimized": "false",
                            "ephemeral_block_device.#": "0",
                            "iam_instance_profile": "",
                            "id": "i-0777f25115c59dc4e",
                            "instance_state": "running",
                            "instance_type": "t2.micro",
                            "ipv6_addresses.#": "0",
                            "key_name": "krish",
                            "monitoring": "false",
                            "network_interface.#": "0",
                            "network_interface_id": "eni-0f9c5ec7912f91609",
                            "placement_group": "",
                            "primary_network_interface_id": "eni-0f9c5ec7912f91609",
                            "private_dns": "ip-10-20-0-254.ap-south-1.compute.internal",
                            "private_ip": "10.20.0.254",
                            "public_dns": "",
                            "public_ip": "13.232.22.64",
                            "root_block_device.#": "1",
                            "root_block_device.0.delete_on_termination": "true",
                            "root_block_device.0.iops": "100",
                            "root_block_device.0.volume_id": "vol-02629cfeecbcfe055",
                            "root_block_device.0.volume_size": "8",
                            "root_block_device.0.volume_type": "gp2",
                            "security_groups.#": "0",
                            "source_dest_check": "true",
                            "subnet_id": "subnet-0db3fd81e6f9860e5",
                            "tags.%": "1",
                            "tags.Name": "Webserver-1",
                            "tenancy": "default",
                            "volume_tags.%": "0",
                            "vpc_security_group_ids.#": "1",
                            "vpc_security_group_ids.1468529704": "sg-036a849d523161461"
                        },
                        "meta": {
                            "e2bfb730-ecaa-11e6-8f88-34363bc7c4c0": {
                                "create": 600000000000,
                                "delete": 1200000000000,
                                "update": 600000000000
                            },
                            "schema_version": "1"
                        },
                        "tainted": false
                    },
                    "deposed": [],
                    "provider": "provider.aws"
                },
                "aws_internet_gateway.igw": {
                    "type": "aws_internet_gateway",
                    "depends_on": [
                        "aws_vpc.myapp_vpc"
                    ],
                    "primary": {
                        "id": "igw-0a4372f00ea29446f",
                        "attributes": {
                            "id": "igw-0a4372f00ea29446f",
                            "tags.%": "1",
                            "tags.Name": "myapp-igw",
                            "vpc_id": "vpc-0c1b13abbda2130b4"
                        },
                        "meta": {},
                        "tainted": false
                    },
                    "deposed": [],
                    "provider": "provider.aws"
                },
                "aws_key_pair.developer": {
                    "type": "aws_key_pair",
                    "depends_on": [],
                    "primary": {
                        "id": "krish",
                        "attributes": {
                            "id": "krish",
                            "key_name": "krish",
                            "public_key": "ssh-rsa AAAAB3NzaC1yc2EAAAADAQABAAABAQCzUsE0j3R+Y2LdS+b6lIBOgKxS1AAhPc+gHOldDL9o1mQQc/Zn/GuAw3R+beWtCRJ6SD1BtxHc2i1k721j8nGi7usXQ+ptM2LV3UEhLhvIIYBUpW/08hWjvpfDl0w7K+RhVzTtpjqKW9s4x/EfHrCePP9/jXAzgDhVRLcZDj35qOkypNBasUqwTHyskNGeWPrJnaCxMmoHGv898lZjZZVqZ7bBxPpxfOz/gcV7EMj1JH3AD9fkOU9dwRN6zz3Ng1OTygNH+8anl9upS/b2kcRIMExNmBiQ/dKSicURpzgoodd/YTp1GZrk0iP4aY24n65JY/CgOgredUSTT1Jkyyxd ec2-user@ip-172-31-19-150.ap-south-1.compute.internal"
                        },
                        "meta": {
                            "schema_version": "1"
                        },
                        "tainted": false
                    },
                    "deposed": [],
                    "provider": "provider.aws"
                },
                "aws_route_table.web_rt": {
                    "type": "aws_route_table",
                    "depends_on": [
                        "aws_internet_gateway.igw",
                        "aws_vpc.myapp_vpc"
                    ],
                    "primary": {
                        "id": "rtb-056c25a0677a0a9af",
                        "attributes": {
                            "id": "rtb-056c25a0677a0a9af",
                            "propagating_vgws.#": "0",
                            "route.#": "1",
                            "route.557960629.cidr_block": "0.0.0.0/0",
                            "route.557960629.egress_only_gateway_id": "",
                            "route.557960629.gateway_id": "igw-0a4372f00ea29446f",
                            "route.557960629.instance_id": "",
                            "route.557960629.ipv6_cidr_block": "",
                            "route.557960629.nat_gateway_id": "",
                            "route.557960629.network_interface_id": "",
                            "route.557960629.vpc_peering_connection_id": "",
                            "tags.%": "1",
                            "tags.Name": "myapp_web_rt",
                            "vpc_id": "vpc-0c1b13abbda2130b4"
                        },
                        "meta": {},
                        "tainted": false
                    },
                    "deposed": [],
                    "provider": "provider.aws"
                },
                "aws_route_table_association.web_rt_association.0": {
                    "type": "aws_route_table_association",
                    "depends_on": [
                        "aws_route_table.web_rt",
                        "aws_subnet.web_subnets.*"
                    ],
                    "primary": {
                        "id": "rtbassoc-07eef786bc377b835",
                        "attributes": {
                            "id": "rtbassoc-07eef786bc377b835",
                            "route_table_id": "rtb-056c25a0677a0a9af",
                            "subnet_id": "subnet-0db3fd81e6f9860e5"
                        },
                        "meta": {},
                        "tainted": false
                    },
                    "deposed": [],
                    "provider": "provider.aws"
                },
                "aws_route_table_association.web_rt_association.1": {
                    "type": "aws_route_table_association",
                    "depends_on": [
                        "aws_route_table.web_rt",
                        "aws_subnet.web_subnets.*"
                    ],
                    "primary": {
                        "id": "rtbassoc-08da847c306a16e76",
                        "attributes": {
                            "id": "rtbassoc-08da847c306a16e76",
                            "route_table_id": "rtb-056c25a0677a0a9af",
                            "subnet_id": "subnet-0bece164a5581f8c2"
                        },
                        "meta": {},
                        "tainted": false
                    },
                    "deposed": [],
                    "provider": "provider.aws"
                },
                "aws_security_group.allow_http": {
                    "type": "aws_security_group",
                    "depends_on": [
                        "aws_vpc.myapp_vpc"
                    ],
                    "primary": {
                        "id": "sg-036a849d523161461",
                        "attributes": {
                            "description": "Allow all inbound http traffic",
                            "egress.#": "1",
                            "egress.482069346.cidr_blocks.#": "1",
                            "egress.482069346.cidr_blocks.0": "0.0.0.0/0",
                            "egress.482069346.description": "",
                            "egress.482069346.from_port": "0",
                            "egress.482069346.ipv6_cidr_blocks.#": "0",
                            "egress.482069346.prefix_list_ids.#": "0",
                            "egress.482069346.protocol": "-1",
                            "egress.482069346.security_groups.#": "0",
                            "egress.482069346.self": "false",
                            "egress.482069346.to_port": "0",
                            "id": "sg-036a849d523161461",
                            "ingress.#": "1",
                            "ingress.2214680975.cidr_blocks.#": "1",
                            "ingress.2214680975.cidr_blocks.0": "0.0.0.0/0",
                            "ingress.2214680975.description": "",
                            "ingress.2214680975.from_port": "80",
                            "ingress.2214680975.ipv6_cidr_blocks.#": "0",
                            "ingress.2214680975.protocol": "tcp",
                            "ingress.2214680975.security_groups.#": "0",
                            "ingress.2214680975.self": "false",
                            "ingress.2214680975.to_port": "80",
                            "name": "allow_http",
                            "owner_id": "135549976955",
                            "revoke_rules_on_delete": "false",
                            "tags.%": "0",
                            "vpc_id": "vpc-0c1b13abbda2130b4"
                        },
                        "meta": {
                            "schema_version": "1"
                        },
                        "tainted": false
                    },
                    "deposed": [],
                    "provider": "provider.aws"
                },
                "aws_subnet.web_subnets.0": {
                    "type": "aws_subnet",
                    "depends_on": [
                        "aws_vpc.myapp_vpc",
                        "data.aws_availability_zones.azs"
                    ],
                    "primary": {
                        "id": "subnet-0db3fd81e6f9860e5",
                        "attributes": {
                            "assign_ipv6_address_on_creation": "false",
                            "availability_zone": "ap-south-1a",
                            "cidr_block": "10.20.0.0/24",
                            "id": "subnet-0db3fd81e6f9860e5",
                            "map_public_ip_on_launch": "true",
                            "tags.%": "1",
                            "tags.Name": "PublicSubnet-1",
                            "vpc_id": "vpc-0c1b13abbda2130b4"
                        },
                        "meta": {
                            "schema_version": "1"
                        },
                        "tainted": false
                    },
                    "deposed": [],
                    "provider": "provider.aws"
                },
                "aws_subnet.web_subnets.1": {
                    "type": "aws_subnet",
                    "depends_on": [
                        "aws_vpc.myapp_vpc",
                        "data.aws_availability_zones.azs"
                    ],
                    "primary": {
                        "id": "subnet-0bece164a5581f8c2",
                        "attributes": {
                            "assign_ipv6_address_on_creation": "false",
                            "availability_zone": "ap-south-1b",
                            "cidr_block": "10.20.1.0/24",
                            "id": "subnet-0bece164a5581f8c2",
                            "map_public_ip_on_launch": "true",
                            "tags.%": "1",
                            "tags.Name": "PublicSubnet-2",
                            "vpc_id": "vpc-0c1b13abbda2130b4"
                        },
                        "meta": {
                            "schema_version": "1"
                        },
                        "tainted": false
                    },
                    "deposed": [],
                    "provider": "provider.aws"
                },
                "aws_vpc.myapp_vpc": {
                    "type": "aws_vpc",
                    "depends_on": [],
                    "primary": {
                        "id": "vpc-0c1b13abbda2130b4",
                        "attributes": {
                            "assign_generated_ipv6_cidr_block": "false",
                            "cidr_block": "10.20.0.0/16",
                            "default_network_acl_id": "acl-0412b94dbe46d5fb6",
                            "default_route_table_id": "rtb-09c007db78446204c",
                            "default_security_group_id": "sg-073629eee65298efc",
                            "dhcp_options_id": "dopt-854e27ed",
                            "enable_dns_hostnames": "false",
                            "enable_dns_support": "true",
                            "id": "vpc-0c1b13abbda2130b4",
                            "instance_tenancy": "default",
                            "main_route_table_id": "rtb-09c007db78446204c",
                            "tags.%": "2",
                            "tags.Batch": "Weekends",
                            "tags.Name": "myapp_vpc"
                        },
                        "meta": {
                            "schema_version": "1"
                        },
                        "tainted": false
                    },
                    "deposed": [],
                    "provider": "provider.aws"
                },
                "data.aws_availability_zones.azs": {
                    "type": "aws_availability_zones",
                    "depends_on": [],
                    "primary": {
                        "id": "2018-08-14 02:58:30.6779515 +0000 UTC",
                        "attributes": {
                            "id": "2018-08-14 02:58:30.6779515 +0000 UTC",
                            "names.#": "2",
                            "names.0": "ap-south-1a",
                            "names.1": "ap-south-1b"
                        },
                        "meta": {},
                        "tainted": false
                    },
                    "deposed": [],
                    "provider": "provider.aws"
                }
            },
            "depends_on": []
        }
    ]
}
