{
    "version": 3,
    "terraform_version": "0.11.2",
    "serial": 5,
    "lineage": "600694c9-e925-4506-8b15-80ec2f46d8e7",
    "modules": [
        {
            "path": [
                "root"
            ],
            "outputs": {},
            "resources": {
                "aws_instance.web.0": {
                    "type": "aws_instance",
                    "depends_on": [
                        "aws_subnet.webservers.*"
                    ],
                    "primary": {
                        "id": "i-09e4eb77a36370337",
                        "attributes": {
                            "ami": "ami-00b6a8a2bd28daf19",
                            "arn": "arn:aws:ec2:ap-south-1:250929820725:instance/i-09e4eb77a36370337",
                            "associate_public_ip_address": "true",
                            "availability_zone": "ap-south-1a",
                            "cpu_core_count": "1",
                            "cpu_threads_per_core": "1",
                            "credit_specification.#": "1",
                            "credit_specification.0.cpu_credits": "standard",
                            "disable_api_termination": "false",
                            "ebs_block_device.#": "0",
                            "ebs_optimized": "false",
                            "ephemeral_block_device.#": "0",
                            "get_password_data": "false",
                            "iam_instance_profile": "",
                            "id": "i-09e4eb77a36370337",
                            "instance_state": "running",
                            "instance_type": "t2.micro",
                            "ipv6_addresses.#": "0",
                            "key_name": "",
                            "monitoring": "false",
                            "network_interface.#": "0",
                            "network_interface_id": "eni-01fe4ac707558e928",
                            "password_data": "",
                            "placement_group": "",
                            "primary_network_interface_id": "eni-01fe4ac707558e928",
                            "private_dns": "ip-10-0-1-50.ap-south-1.compute.internal",
                            "private_ip": "10.0.1.50",
                            "public_dns": "",
                            "public_ip": "13.233.58.198",
                            "root_block_device.#": "1",
                            "root_block_device.0.delete_on_termination": "true",
                            "root_block_device.0.iops": "100",
                            "root_block_device.0.volume_id": "vol-01724fec684e227fb",
                            "root_block_device.0.volume_size": "8",
                            "root_block_device.0.volume_type": "gp2",
                            "security_groups.#": "0",
                            "source_dest_check": "true",
                            "subnet_id": "subnet-0bf50ef8f1483d6e7",
                            "tags.%": "1",
                            "tags.Name": "Webserver-1",
                            "tenancy": "default",
                            "user_data": "acefe4181e805416374fcf42b229e38312a8b59d",
                            "volume_tags.%": "0",
                            "vpc_security_group_ids.#": "1",
                            "vpc_security_group_ids.1439021740": "sg-05da85ea4e2680ee4"
                        },
                        "meta": {
                            "e2bfb730-ecaa-11e6-8f88-34363bc7c4c0": {
                                "create": 600000000000,
                                "delete": 1200000000000,
                                "update": 600000000000
                            },
                            "schema_version": "1"
                        },
                        "tainted": false
                    },
                    "deposed": [],
                    "provider": "provider.aws"
                },
                "aws_instance.web.1": {
                    "type": "aws_instance",
                    "depends_on": [
                        "aws_subnet.webservers.*"
                    ],
                    "primary": {
                        "id": "i-06be18be605022c5a",
                        "attributes": {
                            "ami": "ami-00b6a8a2bd28daf19",
                            "arn": "arn:aws:ec2:ap-south-1:250929820725:instance/i-06be18be605022c5a",
                            "associate_public_ip_address": "true",
                            "availability_zone": "ap-south-1b",
                            "cpu_core_count": "1",
                            "cpu_threads_per_core": "1",
                            "credit_specification.#": "1",
                            "credit_specification.0.cpu_credits": "standard",
                            "disable_api_termination": "false",
                            "ebs_block_device.#": "0",
                            "ebs_optimized": "false",
                            "ephemeral_block_device.#": "0",
                            "get_password_data": "false",
                            "iam_instance_profile": "",
                            "id": "i-06be18be605022c5a",
                            "instance_state": "running",
                            "instance_type": "t2.micro",
                            "ipv6_addresses.#": "0",
                            "key_name": "",
                            "monitoring": "false",
                            "network_interface.#": "0",
                            "network_interface_id": "eni-031c7275de9fb2811",
                            "password_data": "",
                            "placement_group": "",
                            "primary_network_interface_id": "eni-031c7275de9fb2811",
                            "private_dns": "ip-10-0-2-246.ap-south-1.compute.internal",
                            "private_ip": "10.0.2.246",
                            "public_dns": "",
                            "public_ip": "13.233.67.200",
                            "root_block_device.#": "1",
                            "root_block_device.0.delete_on_termination": "true",
                            "root_block_device.0.iops": "100",
                            "root_block_device.0.volume_id": "vol-0f910ff437563787d",
                            "root_block_device.0.volume_size": "8",
                            "root_block_device.0.volume_type": "gp2",
                            "security_groups.#": "0",
                            "source_dest_check": "true",
                            "subnet_id": "subnet-02a713dc4b25b6568",
                            "tags.%": "1",
                            "tags.Name": "Webserver-2",
                            "tenancy": "default",
                            "user_data": "acefe4181e805416374fcf42b229e38312a8b59d",
                            "volume_tags.%": "0",
                            "vpc_security_group_ids.#": "1",
                            "vpc_security_group_ids.1439021740": "sg-05da85ea4e2680ee4"
                        },
                        "meta": {
                            "e2bfb730-ecaa-11e6-8f88-34363bc7c4c0": {
                                "create": 600000000000,
                                "delete": 1200000000000,
                                "update": 600000000000
                            },
                            "schema_version": "1"
                        },
                        "tainted": false
                    },
                    "deposed": [],
                    "provider": "provider.aws"
                },
                "aws_internet_gateway.igw": {
                    "type": "aws_internet_gateway",
                    "depends_on": [
                        "aws_vpc.jobassist_vpc"
                    ],
                    "primary": {
                        "id": "igw-0a9186530d9921324",
                        "attributes": {
                            "id": "igw-0a9186530d9921324",
                            "tags.%": "1",
                            "tags.Name": "jobassist_igw",
                            "vpc_id": "vpc-0ae8a29c3c976173a"
                        },
                        "meta": {},
                        "tainted": false
                    },
                    "deposed": [],
                    "provider": "provider.aws"
                },
                "aws_route_table.web_rt": {
                    "type": "aws_route_table",
                    "depends_on": [
                        "aws_internet_gateway.igw",
                        "aws_vpc.jobassist_vpc"
                    ],
                    "primary": {
                        "id": "rtb-0874263b0e63ccdf5",
                        "attributes": {
                            "id": "rtb-0874263b0e63ccdf5",
                            "propagating_vgws.#": "0",
                            "route.#": "1",
                            "route.357634452.cidr_block": "0.0.0.0/0",
                            "route.357634452.egress_only_gateway_id": "",
                            "route.357634452.gateway_id": "igw-0a9186530d9921324",
                            "route.357634452.instance_id": "",
                            "route.357634452.ipv6_cidr_block": "",
                            "route.357634452.nat_gateway_id": "",
                            "route.357634452.network_interface_id": "",
                            "route.357634452.vpc_peering_connection_id": "",
                            "tags.%": "1",
                            "tags.Name": "web_rt",
                            "vpc_id": "vpc-0ae8a29c3c976173a"
                        },
                        "meta": {},
                        "tainted": false
                    },
                    "deposed": [],
                    "provider": "provider.aws"
                },
                "aws_route_table_association.a.0": {
                    "type": "aws_route_table_association",
                    "depends_on": [
                        "aws_route_table.web_rt",
                        "aws_subnet.webservers.*",
                        "data.aws_availability_zones.azs"
                    ],
                    "primary": {
                        "id": "rtbassoc-0dfd3b057e5fde91b",
                        "attributes": {
                            "id": "rtbassoc-0dfd3b057e5fde91b",
                            "route_table_id": "rtb-0874263b0e63ccdf5",
                            "subnet_id": "subnet-0bf50ef8f1483d6e7"
                        },
                        "meta": {},
                        "tainted": false
                    },
                    "deposed": [],
                    "provider": "provider.aws"
                },
                "aws_route_table_association.a.1": {
                    "type": "aws_route_table_association",
                    "depends_on": [
                        "aws_route_table.web_rt",
                        "aws_subnet.webservers.*",
                        "data.aws_availability_zones.azs"
                    ],
                    "primary": {
                        "id": "rtbassoc-0c495e349af72dd90",
                        "attributes": {
                            "id": "rtbassoc-0c495e349af72dd90",
                            "route_table_id": "rtb-0874263b0e63ccdf5",
                            "subnet_id": "subnet-02a713dc4b25b6568"
                        },
                        "meta": {},
                        "tainted": false
                    },
                    "deposed": [],
                    "provider": "provider.aws"
                },
                "aws_subnet.rds.0": {
                    "type": "aws_subnet",
                    "depends_on": [
                        "aws_vpc.jobassist_vpc",
                        "data.aws_availability_zones.azs"
                    ],
                    "primary": {
                        "id": "subnet-079b23a066e15a8cf",
                        "attributes": {
                            "arn": "arn:aws:ec2:ap-south-1:250929820725:subnet/subnet-079b23a066e15a8cf",
                            "assign_ipv6_address_on_creation": "false",
                            "availability_zone": "ap-south-1a",
                            "cidr_block": "10.0.7.0/24",
                            "id": "subnet-079b23a066e15a8cf",
                            "map_public_ip_on_launch": "false",
                            "tags.%": "1",
                            "tags.Name": "PrivateSubnet-1",
                            "vpc_id": "vpc-0ae8a29c3c976173a"
                        },
                        "meta": {
                            "schema_version": "1"
                        },
                        "tainted": false
                    },
                    "deposed": [],
                    "provider": "provider.aws"
                },
                "aws_subnet.rds.1": {
                    "type": "aws_subnet",
                    "depends_on": [
                        "aws_vpc.jobassist_vpc",
                        "data.aws_availability_zones.azs"
                    ],
                    "primary": {
                        "id": "subnet-0aad477d312825a27",
                        "attributes": {
                            "arn": "arn:aws:ec2:ap-south-1:250929820725:subnet/subnet-0aad477d312825a27",
                            "assign_ipv6_address_on_creation": "false",
                            "availability_zone": "ap-south-1b",
                            "cidr_block": "10.0.8.0/24",
                            "id": "subnet-0aad477d312825a27",
                            "map_public_ip_on_launch": "false",
                            "tags.%": "1",
                            "tags.Name": "PrivateSubnet-2",
                            "vpc_id": "vpc-0ae8a29c3c976173a"
                        },
                        "meta": {
                            "schema_version": "1"
                        },
                        "tainted": false
                    },
                    "deposed": [],
                    "provider": "provider.aws"
                },
                "aws_subnet.webservers.0": {
                    "type": "aws_subnet",
                    "depends_on": [
                        "aws_vpc.jobassist_vpc",
                        "data.aws_availability_zones.azs"
                    ],
                    "primary": {
                        "id": "subnet-0bf50ef8f1483d6e7",
                        "attributes": {
                            "arn": "arn:aws:ec2:ap-south-1:250929820725:subnet/subnet-0bf50ef8f1483d6e7",
                            "assign_ipv6_address_on_creation": "false",
                            "availability_zone": "ap-south-1a",
                            "cidr_block": "10.0.1.0/24",
                            "id": "subnet-0bf50ef8f1483d6e7",
                            "map_public_ip_on_launch": "true",
                            "tags.%": "1",
                            "tags.Name": "PublicSubnet-1",
                            "vpc_id": "vpc-0ae8a29c3c976173a"
                        },
                        "meta": {
                            "schema_version": "1"
                        },
                        "tainted": false
                    },
                    "deposed": [],
                    "provider": "provider.aws"
                },
                "aws_subnet.webservers.1": {
                    "type": "aws_subnet",
                    "depends_on": [
                        "aws_vpc.jobassist_vpc",
                        "data.aws_availability_zones.azs"
                    ],
                    "primary": {
                        "id": "subnet-02a713dc4b25b6568",
                        "attributes": {
                            "arn": "arn:aws:ec2:ap-south-1:250929820725:subnet/subnet-02a713dc4b25b6568",
                            "assign_ipv6_address_on_creation": "false",
                            "availability_zone": "ap-south-1b",
                            "cidr_block": "10.0.2.0/24",
                            "id": "subnet-02a713dc4b25b6568",
                            "map_public_ip_on_launch": "true",
                            "tags.%": "1",
                            "tags.Name": "PublicSubnet-2",
                            "vpc_id": "vpc-0ae8a29c3c976173a"
                        },
                        "meta": {
                            "schema_version": "1"
                        },
                        "tainted": false
                    },
                    "deposed": [],
                    "provider": "provider.aws"
                },
                "aws_vpc.jobassist_vpc": {
                    "type": "aws_vpc",
                    "depends_on": [],
                    "primary": {
                        "id": "vpc-0ae8a29c3c976173a",
                        "attributes": {
                            "arn": "arn:aws:ec2:ap-south-1:250929820725:vpc/vpc-0ae8a29c3c976173a",
                            "assign_generated_ipv6_cidr_block": "false",
                            "cidr_block": "10.0.0.0/16",
                            "default_network_acl_id": "acl-0cdc61bc7674b5e8f",
                            "default_route_table_id": "rtb-0577c549c1b957d71",
                            "default_security_group_id": "sg-05da85ea4e2680ee4",
                            "dhcp_options_id": "dopt-920c0dfa",
                            "enable_dns_hostnames": "false",
                            "enable_dns_support": "true",
                            "id": "vpc-0ae8a29c3c976173a",
                            "instance_tenancy": "default",
                            "main_route_table_id": "rtb-0577c549c1b957d71",
                            "tags.%": "2",
                            "tags.Location": "Banglore",
                            "tags.Name": "JobAssistVpc"
                        },
                        "meta": {
                            "schema_version": "1"
                        },
                        "tainted": false
                    },
                    "deposed": [],
                    "provider": "provider.aws"
                },
                "data.aws_availability_zones.azs": {
                    "type": "aws_availability_zones",
                    "depends_on": [],
                    "primary": {
                        "id": "2018-09-23 00:11:22.6966322 +0000 UTC",
                        "attributes": {
                            "id": "2018-09-23 00:11:22.6966322 +0000 UTC",
                            "names.#": "2",
                            "names.0": "ap-south-1a",
                            "names.1": "ap-south-1b"
                        },
                        "meta": {},
                        "tainted": false
                    },
                    "deposed": [],
                    "provider": "provider.aws"
                }
            },
            "depends_on": []
        }
    ]
}
