{
    "version": 3,
    "terraform_version": "0.11.2",
    "serial": 9,
    "lineage": "677d24b8-fda4-4072-9a17-c632bda43290",
    "modules": [
        {
            "path": [
                "root"
            ],
            "outputs": {},
            "resources": {
                "aws_subnet.subnet1": {
                    "type": "aws_subnet",
                    "depends_on": [
                        "aws_vpc.main"
                    ],
                    "primary": {
                        "id": "subnet-064b737195aa4ee65",
                        "attributes": {
                            "assign_ipv6_address_on_creation": "false",
                            "availability_zone": "ap-south-1a",
                            "cidr_block": "10.2.0.0/24",
                            "id": "subnet-064b737195aa4ee65",
                            "map_public_ip_on_launch": "false",
                            "tags.%": "1",
                            "tags.Name": "subnet1",
                            "vpc_id": "vpc-0f3f7f9f235685f7c"
                        },
                        "meta": {
                            "schema_version": "1"
                        },
                        "tainted": false
                    },
                    "deposed": [],
                    "provider": "provider.aws"
                },
                "aws_vpc.main": {
                    "type": "aws_vpc",
                    "depends_on": [],
                    "primary": {
                        "id": "vpc-0f3f7f9f235685f7c",
                        "attributes": {
                            "assign_generated_ipv6_cidr_block": "false",
                            "cidr_block": "10.2.0.0/16",
                            "default_network_acl_id": "acl-093c350c80b5c1664",
                            "default_route_table_id": "rtb-0a0135b1cdf943619",
                            "default_security_group_id": "sg-0084ef7ce8924a00f",
                            "dhcp_options_id": "dopt-920c0dfa",
                            "enable_dns_hostnames": "false",
                            "enable_dns_support": "true",
                            "id": "vpc-0f3f7f9f235685f7c",
                            "instance_tenancy": "default",
                            "main_route_table_id": "rtb-0a0135b1cdf943619",
                            "tags.%": "1",
                            "tags.Name": "fromterr"
                        },
                        "meta": {
                            "schema_version": "1"
                        },
                        "tainted": false
                    },
                    "deposed": [],
                    "provider": "provider.aws"
                }
            },
            "depends_on": []
        }
    ]
}
