{
    "version": 3,
    "terraform_version": "0.11.2",
    "serial": 7,
    "lineage": "e6c760f0-e0a0-4531-8720-688d7357ef66",
    "modules": [
        {
            "path": [
                "root"
            ],
            "outputs": {},
            "resources": {
                "aws_instance.teraforminstance": {
                    "type": "aws_instance",
                    "depends_on": [
                        "aws_key_pair.sasi-key",
                        "aws_subnet.subtera"
                    ],
                    "primary": {
                        "id": "i-03057e6f7eafc0584",
                        "attributes": {
                            "ami": "ami-f2d3638a",
                            "associate_public_ip_address": "true",
                            "availability_zone": "us-west-2b",
                            "disable_api_termination": "false",
                            "ebs_block_device.#": "0",
                            "ebs_optimized": "false",
                            "ephemeral_block_device.#": "0",
                            "iam_instance_profile": "",
                            "id": "i-03057e6f7eafc0584",
                            "instance_state": "running",
                            "instance_type": "t2.micro",
                            "ipv6_addresses.#": "0",
                            "key_name": "sasipub",
                            "monitoring": "false",
                            "network_interface.#": "0",
                            "network_interface_id": "eni-5542f661",
                            "placement_group": "",
                            "primary_network_interface_id": "eni-5542f661",
                            "private_dns": "ip-11-11-1-217.us-west-2.compute.internal",
                            "private_ip": "11.11.1.217",
                            "public_dns": "",
                            "public_ip": "34.209.22.216",
                            "root_block_device.#": "1",
                            "root_block_device.0.delete_on_termination": "true",
                            "root_block_device.0.iops": "100",
                            "root_block_device.0.volume_id": "vol-09a0744d11d748245",
                            "root_block_device.0.volume_size": "8",
                            "root_block_device.0.volume_type": "gp2",
                            "security_groups.#": "0",
                            "source_dest_check": "true",
                            "subnet_id": "subnet-6fe2e827",
                            "tags.%": "1",
                            "tags.Name": "teraforminstance",
                            "tenancy": "default",
                            "volume_tags.%": "0",
                            "vpc_security_group_ids.#": "1",
                            "vpc_security_group_ids.4264264178": "sg-b58748ca"
                        },
                        "meta": {
                            "e2bfb730-ecaa-11e6-8f88-34363bc7c4c0": {
                                "create": 600000000000,
                                "delete": 600000000000,
                                "update": 600000000000
                            },
                            "schema_version": "1"
                        },
                        "tainted": false
                    },
                    "deposed": [],
                    "provider": "provider.aws"
                },
                "aws_internet_gateway.gwtera": {
                    "type": "aws_internet_gateway",
                    "depends_on": [
                        "aws_vpc.vpctera"
                    ],
                    "primary": {
                        "id": "igw-9b2482fd",
                        "attributes": {
                            "id": "igw-9b2482fd",
                            "tags.%": "1",
                            "tags.Name": "igwteraform",
                            "vpc_id": "vpc-9cb701e5"
                        },
                        "meta": {},
                        "tainted": false
                    },
                    "deposed": [],
                    "provider": "provider.aws"
                },
                "aws_key_pair.sasi-key": {
                    "type": "aws_key_pair",
                    "depends_on": [],
                    "primary": {
                        "id": "sasipub",
                        "attributes": {
                            "id": "sasipub",
                            "key_name": "sasipub",
                            "public_key": "ssh-rsa AAAAB3NzaC1yc2EAAAADAQABAAABAQDbt/XqY5DRMx14zV9XZ2aZ8/Kscc726vN4CjQ0whHwanfvcqqX0MKMh5NLkvr2ePXy7YrKhqI2ywSaYZvmcb2FfC7rDqNrDTEDxVaV7ciDiNPEAWAJIpfn/fNNXzVXOc4oJLNcfv6ltiNCS7gmqg+yufTatueUWAR9zFA7/wqOdajTGqffJM/RBlWRJlUq1mqcLojKIspn7j3wYjqXVZfxo92wr/MONEA4uJimvs+JZudiqi+GJDGVmsB+W72hauwc/gZtlaETSUd+bbdjniMHQ5C5vxcZWT5MMb7ZS0hsMio+vJQi//usr8m90S5V9WMt4M4EA3fKroNtfvYhiyzh Sobha@RajSobkri"
                        },
                        "meta": {
                            "schema_version": "1"
                        },
                        "tainted": false
                    },
                    "deposed": [],
                    "provider": "provider.aws"
                },
                "aws_route_table.routtera": {
                    "type": "aws_route_table",
                    "depends_on": [
                        "aws_internet_gateway.gwtera",
                        "aws_vpc.vpctera"
                    ],
                    "primary": {
                        "id": "rtb-ab06d1d3",
                        "attributes": {
                            "id": "rtb-ab06d1d3",
                            "propagating_vgws.#": "0",
                            "route.#": "1",
                            "route.2197916540.cidr_block": "0.0.0.0/0",
                            "route.2197916540.egress_only_gateway_id": "",
                            "route.2197916540.gateway_id": "igw-9b2482fd",
                            "route.2197916540.instance_id": "",
                            "route.2197916540.ipv6_cidr_block": "",
                            "route.2197916540.nat_gateway_id": "",
                            "route.2197916540.network_interface_id": "",
                            "route.2197916540.vpc_peering_connection_id": "",
                            "tags.%": "1",
                            "tags.Name": "terarout",
                            "vpc_id": "vpc-9cb701e5"
                        },
                        "meta": {},
                        "tainted": false
                    },
                    "deposed": [],
                    "provider": "provider.aws"
                },
                "aws_route_table_association.a": {
                    "type": "aws_route_table_association",
                    "depends_on": [
                        "aws_route_table.routtera",
                        "aws_subnet.subtera"
                    ],
                    "primary": {
                        "id": "rtbassoc-8992a0f2",
                        "attributes": {
                            "id": "rtbassoc-8992a0f2",
                            "route_table_id": "rtb-ab06d1d3",
                            "subnet_id": "subnet-6fe2e827"
                        },
                        "meta": {},
                        "tainted": false
                    },
                    "deposed": [],
                    "provider": "provider.aws"
                },
                "aws_subnet.subtera": {
                    "type": "aws_subnet",
                    "depends_on": [
                        "aws_vpc.vpctera"
                    ],
                    "primary": {
                        "id": "subnet-6fe2e827",
                        "attributes": {
                            "assign_ipv6_address_on_creation": "false",
                            "availability_zone": "us-west-2b",
                            "cidr_block": "11.11.1.0/24",
                            "id": "subnet-6fe2e827",
                            "map_public_ip_on_launch": "false",
                            "tags.%": "1",
                            "tags.Name": "subtera",
                            "vpc_id": "vpc-9cb701e5"
                        },
                        "meta": {
                            "schema_version": "1"
                        },
                        "tainted": false
                    },
                    "deposed": [],
                    "provider": "provider.aws"
                },
                "aws_vpc.vpctera": {
                    "type": "aws_vpc",
                    "depends_on": [],
                    "primary": {
                        "id": "vpc-9cb701e5",
                        "attributes": {
                            "assign_generated_ipv6_cidr_block": "false",
                            "cidr_block": "11.11.0.0/16",
                            "default_network_acl_id": "acl-2e614957",
                            "default_route_table_id": "rtb-d104d3a9",
                            "default_security_group_id": "sg-b58748ca",
                            "dhcp_options_id": "dopt-43aca525",
                            "enable_classiclink": "false",
                            "enable_classiclink_dns_support": "false",
                            "enable_dns_hostnames": "false",
                            "enable_dns_support": "true",
                            "id": "vpc-9cb701e5",
                            "instance_tenancy": "default",
                            "main_route_table_id": "rtb-d104d3a9",
                            "tags.%": "1",
                            "tags.Name": "vpctera"
                        },
                        "meta": {
                            "schema_version": "1"
                        },
                        "tainted": false
                    },
                    "deposed": [],
                    "provider": "provider.aws"
                }
            },
            "depends_on": []
        }
    ]
}
